
Microsoft Visual Studio Solution File, Format Version 11.00
# Visual Studio 2010
Project("{FAE04EC0-301F-11D3-BF4B-00C04F79EFBC}") = "AWSConsoleApp", "AWSConsoleApp\AWSConsoleApp.csproj", "{08B84B3F-94E0-4C30-B808-7FB4EE0BEC0D}"
EndProject
Global
	GlobalSection(SolutionConfigurationPlatforms) = preSolution
		Debug|Any CPU = Debug|Any CPU
		Release|Any CPU = Release|Any CPU
	EndGlobalSection
	GlobalSection(ProjectConfigurationPlatforms) = postSolution
		{08B84B3F-94E0-4C30-B808-7FB4EE0BEC0D}.Debug|Any CPU.ActiveCfg = Debug|Any CPU
		{08B84B3F-94E0-4C30-B808-7FB4EE0BEC0D}.Debug|Any CPU.Build.0 = Debug|Any CPU
		{08B84B3F-94E0-4C30-B808-7FB4EE0BEC0D}.Release|Any CPU.ActiveCfg = Release|Any CPU
		{08B84B3F-94E0-4C30-B808-7FB4EE0BEC0D}.Release|Any CPU.Build.0 = Release|Any CPU
	EndGlobalSection
	GlobalSection(SolutionProperties) = preSolution
		HideSolutionNode = FALSE
	EndGlobalSection
EndGlobal
