
Microsoft Visual Studio Solution File, Format Version 11.00
# Visual Studio 2010
Project("{FAE04EC0-301F-11D3-BF4B-00C04F79EFBC}") = "AWSWebApp", "AWSWebApp\AWSWebApp.csproj", "{16356665-E2FB-4338-AA46-D81F4B871A3D}"
EndProject
Global
	GlobalSection(SolutionConfigurationPlatforms) = preSolution
		Debug|Any CPU = Debug|Any CPU
		Release|Any CPU = Release|Any CPU
	EndGlobalSection
	GlobalSection(ProjectConfigurationPlatforms) = postSolution
		{16356665-E2FB-4338-AA46-D81F4B871A3D}.Debug|Any CPU.ActiveCfg = Debug|Any CPU
		{16356665-E2FB-4338-AA46-D81F4B871A3D}.Debug|Any CPU.Build.0 = Debug|Any CPU
		{16356665-E2FB-4338-AA46-D81F4B871A3D}.Release|Any CPU.ActiveCfg = Release|Any CPU
		{16356665-E2FB-4338-AA46-D81F4B871A3D}.Release|Any CPU.Build.0 = Release|Any CPU
	EndGlobalSection
	GlobalSection(SolutionProperties) = preSolution
		HideSolutionNode = FALSE
	EndGlobalSection
EndGlobal
